
Microsoft Visual Studio Solution File, Format Version 12.00
# Visual Studio 15
VisualStudioVersion = 15.0.28010.2019
MinimumVisualStudioVersion = 10.0.40219.1
Project("{FAE04EC0-301F-11D3-BF4B-00C04F79EFBC}") = "BasicAlgorithmTemplate", "BasicAlgorithmTemplate\BasicAlgorithmTemplate.csproj", "{7603FA31-1FC2-454B-A709-3F97CA8F363B}"
EndProject
Global
	GlobalSection(SolutionConfigurationPlatforms) = preSolution
		Debug|Any CPU = Debug|Any CPU
		Release|Any CPU = Release|Any CPU
	EndGlobalSection
	GlobalSection(ProjectConfigurationPlatforms) = postSolution
		{7603FA31-1FC2-454B-A709-3F97CA8F363B}.Debug|Any CPU.ActiveCfg = Debug|Any CPU
		{7603FA31-1FC2-454B-A709-3F97CA8F363B}.Debug|Any CPU.Build.0 = Debug|Any CPU
		{7603FA31-1FC2-454B-A709-3F97CA8F363B}.Release|Any CPU.ActiveCfg = Release|Any CPU
		{7603FA31-1FC2-454B-A709-3F97CA8F363B}.Release|Any CPU.Build.0 = Release|Any CPU
	EndGlobalSection
	GlobalSection(SolutionProperties) = preSolution
		HideSolutionNode = FALSE
	EndGlobalSection
	GlobalSection(ExtensibilityGlobals) = postSolution
		SolutionGuid = {11536A9A-A12B-4B55-B441-EE2B0B6BD2CD}
	EndGlobalSection
EndGlobal
